
Microsoft Visual Studio Solution File, Format Version 12.00
# Visual Studio Version 16
VisualStudioVersion = 25.0.1705.0
MinimumVisualStudioVersion = 10.0.40219.1
Project("{FAE04EC0-301F-11D3-BF4B-00C04F79EFBC}") = "TestProject", "TestProject\TestProject.csproj", "{77157214-263D-4023-8BCF-E6593E143653}"
EndProject
Project("{FAE04EC0-301F-11D3-BF4B-00C04F79EFBC}") = "ProductTotalTest", "ProductTotalTest\ProductTotalTest.csproj", "{A77228EE-B823-4FD3-83FC-33BBB79B3306}"
EndProject
Global
	GlobalSection(SolutionConfigurationPlatforms) = preSolution
		Debug|Any CPU = Debug|Any CPU
		Release|Any CPU = Release|Any CPU
	EndGlobalSection
	GlobalSection(ProjectConfigurationPlatforms) = postSolution
		{77157214-263D-4023-8BCF-E6593E143653}.Debug|Any CPU.ActiveCfg = Debug|Any CPU
		{77157214-263D-4023-8BCF-E6593E143653}.Debug|Any CPU.Build.0 = Debug|Any CPU
		{77157214-263D-4023-8BCF-E6593E143653}.Release|Any CPU.ActiveCfg = Release|Any CPU
		{77157214-263D-4023-8BCF-E6593E143653}.Release|Any CPU.Build.0 = Release|Any CPU
		{A77228EE-B823-4FD3-83FC-33BBB79B3306}.Debug|Any CPU.ActiveCfg = Debug|Any CPU
		{A77228EE-B823-4FD3-83FC-33BBB79B3306}.Debug|Any CPU.Build.0 = Debug|Any CPU
		{A77228EE-B823-4FD3-83FC-33BBB79B3306}.Release|Any CPU.ActiveCfg = Release|Any CPU
		{A77228EE-B823-4FD3-83FC-33BBB79B3306}.Release|Any CPU.Build.0 = Release|Any CPU
	EndGlobalSection
	GlobalSection(SolutionProperties) = preSolution
		HideSolutionNode = FALSE
	EndGlobalSection
	GlobalSection(ExtensibilityGlobals) = postSolution
		SolutionGuid = {3E3FBEB9-2099-46E1-BBAF-EA53A13C865A}
	EndGlobalSection
EndGlobal
